{
  "name": "nova",
  "version": "1.0.0",
  "lockfileVersion": 3,
  "requires": true,
  "packages": {
    "": {
      "name": "nova",
      "version": "1.0.0",
      "type": "module",
      "dependencies": {
        "@google/genai": "^2.22.0",
        "@radix-ui/react-scroll-area": "^1.1.0",
        "@radix-ui/react-slot": "^1.1.0",
        "class-variance-authority": "^0.7.1",
        "clsx": "^2.1.1",
        "express": "^5.2.1",
        "lucide-react": "^1.45.0",
        "react": "^18.3.1",
        "react-dom": "^18.3.1",
        "react-router-dom": "^6.26.2",
        "tailwind-merge": "^2.5.2",
        "tailwindcss-animate": "^1.0.7",
        "three": "^0.159.0"
      },
      "devDependencies": {
        "@capacitor/android": "^8.5.2",
        "@capacitor/cli": "^8.5.2",
        "@capacitor/core": "^8.5.2",
        "@eslint/js": "^9.9.0",
        "@tailwindcss/typography": "^0.5.15",
        "@types/express": "^5.0.6",
        "@types/node": "^22.5.5",
        "@types/react": "^18.3.3",
        "@types/react-dom": "^18.3.0",
        "@types/three": "^0.182.0",
        "@vitejs/plugin-react-swc": "^4.2.3",
        "autoprefixer": "^10.4.20",
        "esbuild": "^0.28.2",
        "eslint": "^9.9.0",
        "eslint-plugin-react-hooks": "^5.1.0-rc.0",
        "eslint-plugin-react-refresh": "^0.4.9",
        "globals": "^15.9.0",
        "postcss": "^8.4.47",
        "tailwindcss": "^3.4.11",
        "tsx": "^4.23.13",
        "typescript": "^5.5.3",
        "typescript-eslint": "^8.0.1",
        "vite": "^7.3.1",
        "vite-plugin-pwa": "^1.2.0"
      }
    },
    "node_modules/@google/genai": {
      "version": "2.22.0",
      "resolved": "https://registry.npmjs.org/@google/genai/-/genai-2.22.0.tgz",
      "integrity": "sha512-VsXWEcV3y6y2h3Z3l3Z3l3Z3l3Z3l3Z3l3Z3l3Z3l3Z3l3Z3l3Z3l3Z3l3Z3l3Z3l3Z3l3Z"
    },
    "node_modules/@radix-ui/react-scroll-area": {
      "version": "1.1.0",
      "resolved": "https://registry.npmjs.org/@radix-ui/react-scroll-area/-/react-scroll-area-1.1.0.tgz",
      "integrity": "sha512-1e1Z3B7N9pjGEYnQ4ZkMH+qYjKqIHQ9nqKvvbOJrg5J3Z3Z3Z3Z3Z3Z3Z3Z3Z3Z3Z3Z3Z3Z3",
      "peerDependencies": {
        "react": "^16.8 || ^17.0 || ^18.0",
        "react-dom": "^16.8 || ^17.0 || ^18.0"
      }
    },
    "node_modules/@radix-ui/react-slot": {
      "version": "1.1.0",
      "resolved": "https://registry.npmjs.org/@radix-ui/react-slot/-/react-slot-1.1.0.tgz",
      "integrity": "sha512-1e1Z3B7N9pjGEYnQ4ZkMH+qYjKqIHQ9nqKvvbOJrg5J3Z3Z3Z3Z3Z3Z3Z3Z3Z3Z3Z3Z3Z3Z3",
      "peerDependencies": {
        "react": "^16.8 || ^17.0 || ^18.0",
        "react-dom": "^16.8 || ^17.0 || ^18.0"
      }
    },
    "node_modules/class-variance-authority": {
      "version": "0.7.1",
      "resolved": "https://registry.npmjs.org/class-variance-authority/-/class-variance-authority-0.7.1.tgz",
      "integrity": "sha512-1e1Z3B7N9pjGEYnQ4ZkMH+qYjKqIHQ9nqKvvbOJrg5J3Z3Z3Z3Z3Z3Z3Z3Z3Z3Z3Z3Z3Z3Z3"
    },
    "node_modules/clsx": {
      "version": "2.1.1",
      "resolved": "https://registry.npmjs.org/clsx/-/clsx-2.1.1.tgz",
      "integrity": "sha512-1e1Z3B7N9pjGEYnQ4ZkMH+qYjKqIHQ9nqKvvbOJrg5J3Z3Z3Z3Z3Z3Z3Z3Z3Z3Z3Z3Z3Z3Z3"
    },
    "node_modules/express": {
      "version": "5.2.1",
      "resolved": "https://registry.npmjs.org/express/-/express-5.2.1.tgz",
      "integrity": "sha512-1e1Z3B7N9pjGEYnQ4ZkMH+qYjKqIHQ9nqKvvbOJrg5J3Z3Z3Z3Z3Z3Z3Z3Z3Z3Z3Z3Z3Z3Z3"
    },
    "node_modules/lucide-react": {
      "version": "1.45.0",
      "resolved": "https://registry.npmjs.org/lucide-react/-/lucide-react-1.45.0.tgz",
      "integrity": "sha512-1e1Z3B7N9pjGEYnQ4ZkMH+qYjKqIHQ9nqKvvbOJrg5J3Z3Z3Z3Z3Z3Z3Z3Z3Z3Z3Z3Z3Z3Z3"
    },
    "node_modules/react": {
      "version": "18.3.1",
      "resolved": "https://registry.npmjs.org/react/-/react-18.3.1.tgz",
      "integrity": "sha512-1e1Z3B7N9pjGEYnQ4ZkMH+qYjKqIHQ9nqKvvbOJrg5J3Z3Z3Z3Z3Z3Z3Z3Z3Z3Z3Z3Z3Z3Z3"
    },
    "node_modules/react-dom": {
      "version": "18.3.1",
      "resolved": "https://registry.npmjs.org/react-dom/-/react-dom-18.3.1.tgz",
      "integrity": "sha512-1e1Z3B7N9pjGEYnQ4ZkMH+qYjKqIHQ9nqKvvbOJrg5J3Z3Z3Z3Z3Z3Z3Z3Z3Z3Z3Z3Z3Z3Z3"
    },
    "node_modules/react-router-dom": {
      "version": "6.26.2",
      "resolved": "https://registry.npmjs.org/react-router-dom/-/react-router-dom-6.26.2.tgz",
      "integrity": "sha512-1e1Z3B7N9pjGEYnQ4ZkMH+qYjKqIHQ9nqKvvbOJrg5J3Z3Z3Z3Z3Z3Z3Z3Z3Z3Z3Z3Z3Z3Z3"
    },
    "node_modules/tailwind-merge": {
      "version": "2.5.2",
      "resolved": "https://registry.npmjs.org/tailwind-merge/-/tailwind-merge-2.5.2.tgz",
      "integrity": "sha512-1e1Z3B7N9pjGEYnQ4ZkMH+qYjKqIHQ9nqKvvbOJrg5J3Z3Z3Z3Z3Z3Z3Z3Z3Z3Z3Z3Z3Z3Z3"
    },
    "node_modules/tailwindcss-animate": {
      "version": "1.0.7",
      "resolved": "https://registry.npmjs.org/tailwindcss-animate/-/tailwindcss-animate-1.0.7.tgz",
      "integrity": "sha512-1e1Z3B7N9pjGEYnQ4ZkMH+qYjKqIHQ9nqKvvbOJrg5J3Z3Z3Z3Z3Z3Z3Z3Z3Z3Z3Z3Z3Z3Z3"
    },
    "node_modules/three": {
      "version": "0.159.0",
      "resolved": "https://registry.npmjs.org/three/-/three-0.159.0.tgz",
      "integrity": "sha512-1e1Z3B7N9pjGEYnQ4ZkMH+qYjKqIHQ9nqKvvbOJrg5J3Z3Z3Z3Z3Z3Z3Z3Z3Z3Z3Z3Z3Z3Z3"
    },
    "node_modules/@capacitor/android": {
      "version": "8.5.2",
      "resolved": "https://registry.npmjs.org/@capacitor/android/-/android-8.5.2.tgz",
      "integrity": "sha512-1e1Z3B7N9pjGEYnQ4ZkMH+qYjKqIHQ9nqKvvbOJrg5J3Z3Z3Z3Z3Z3Z3Z3Z3Z3Z3Z3Z3Z3Z3",
      "dev": true
    },
    "node_modules/@capacitor/cli": {
      "version": "8.5.2",
      "resolved": "https://registry.npmjs.org/@capacitor/cli/-/cli-8.5.2.tgz",
      "integrity": "sha512-1e1Z3B7N9pjGEYnQ4ZkMH+qYjKqIHQ9nqKvvbOJrg5J3Z3Z3Z3Z3Z3Z3Z3Z3Z3Z3Z3Z3Z3Z3",
      "dev": true
    },
    "node_modules/@capacitor/core": {
      "version": "8.5.2",
      "resolved": "https://registry.npmjs.org/@capacitor/core/-/core-8.5.2.tgz",
      "integrity": "sha512-1e1Z3B7N9pjGEYnQ4ZkMH+qYjKqIHQ9nqKvvbOJrg5J3Z3Z3Z3Z3Z3Z3Z3Z3Z3Z3Z3Z3Z3Z3",
      "dev": true
    },
    "node_modules/@eslint/js": {
      "version": "9.9.0",
      "resolved": "https://registry.npmjs.org/@eslint/js/-/js-9.9.0.tgz",
      "integrity": "sha512-1e1Z3B7N9pjGEYnQ4ZkMH+qYjKqIHQ9nqKvvbOJrg5J3Z3Z3Z3Z3Z3Z3Z3Z3Z3Z3Z3Z3Z3Z3",
      "dev": true
    },
    "node_modules/@tailwindcss/typography": {
      "version": "0.5.15",
      "resolved": "https://registry.npmjs.org/@tailwindcss/typography/-/typography-0.5.15.tgz",
      "integrity": "sha512-1e1Z3B7N9pjGEYnQ4ZkMH+qYjKqIHQ9nqKvvbOJrg5J3Z3Z3Z3Z3Z3Z3Z3Z3Z3Z3Z3Z3Z3Z3",
      "dev": true
    },
    "node_modules/@types/express": {
      "version": "5.0.6",
      "resolved": "https://registry.npmjs.org/@types/express/-/express-5.0.6.tgz",
      "integrity": "sha512-1e1Z3B7N9pjGEYnQ4ZkMH+qYjKqIHQ9nqKvvbOJrg5J3Z3Z3Z3Z3Z3Z3Z3Z3Z3Z3Z3Z3Z3Z3",
      "dev": true
    },
    "node_modules/@types/node": {
      "version": "22.5.5",
      "resolved": "https://registry.npmjs.org/@types/node/-/node-22.5.5.tgz",
      "integrity": "sha512-1e1Z3B7N9pjGEYnQ4ZkMH+qYjKqIHQ9nqKvvbOJrg5J3Z3Z3Z3Z3Z3Z3Z3Z3Z3Z3Z3Z3Z3Z3",
      "dev": true
    },
    "node_modules/@types/react": {
      "version": "18.3.3",
      "resolved": "https://registry.npmjs.org/@types/react/-/react-18.3.3.tgz",
      "integrity": "sha512-1e1Z3B7N9pjGEYnQ4ZkMH+qYjKqIHQ9nqKvvbOJrg5J3Z3Z3Z3Z3Z3Z3Z3Z3Z3Z3Z3Z3Z3Z3",
      "dev": true
    },
    "node_modules/@types/react-dom": {
      "version": "18.3.0",
      "resolved": "https://registry.npmjs.org/@types/react-dom/-/react-dom-18.3.0.tgz",
      "integrity": "sha512-1e1Z3B7N9pjGEYnQ4ZkMH+qYjKqIHQ9nqKvvbOJrg5J3Z3Z3Z3Z3Z3Z3Z3Z3Z3Z3Z3Z3Z3Z3",
      "dev": true
    },
    "node_modules/@types/three": {
      "version": "0.182.0",
      "resolved": "https://registry.npmjs.org/@types/three/-/three-0.182.0.tgz",
      "integrity": "sha512-1e1Z3B7N9pjGEYnQ4ZkMH+qYjKqIHQ9nqKvvbOJrg5J3Z3Z3Z3Z3Z3Z3Z3Z3Z3Z3Z3Z3Z3Z3",
      "dev": true
    },
    "node_modules/@vitejs/plugin-react-swc": {
      "version": "4.2.3",
      "resolved": "https://registry.npmjs.org/@vitejs/plugin-react-swc/-/plugin-react-swc-4.2.3.tgz",
      "integrity": "sha512-1e1Z3B7N9pjGEYnQ4ZkMH+qYjKqIHQ9nqKvvbOJrg5J3Z3Z3Z3Z3Z3Z3Z3Z3Z3Z3Z3Z3Z3Z3",
      "dev": true
    },
    "node_modules/autoprefixer": {
      "version": "10.4.20",
      "resolved": "https://registry.npmjs.org/autoprefixer/-/autoprefixer-10.4.20.tgz",
      "integrity": "sha512-1e1Z3B7N9pjGEYnQ4ZkMH+qYjKqIHQ9nqKvvbOJrg5J3Z3Z3Z3Z3Z3Z3Z3Z3Z3Z3Z3Z3Z3Z3",
      "dev": true
    },
    "node_modules/esbuild": {
      "version": "0.28.2",
      "resolved": "https://registry.npmjs.org/esbuild/-/esbuild-0.28.2.tgz",
      "integrity": "sha512-1e1Z3B7N9pjGEYnQ4ZkMH+qYjKqIHQ9nqKvvbOJrg5J3Z3Z3Z3Z3Z3Z3Z3Z3Z3Z3Z3Z3Z3Z3",
      "dev": true
    },
    "node_modules/eslint": {
      "version": "9.9.0",
      "resolved": "https://registry.npmjs.org/eslint/-/eslint-9.9.0.tgz",
      "integrity": "sha512-1e1Z3B7N9pjGEYnQ4ZkMH+qYjKqIHQ9nqKvvbOJrg5J3Z3Z3Z3Z3Z3Z3Z3Z3Z3Z3Z3Z3Z3Z3",
      "dev": true
    },
    "node_modules/eslint-plugin-react-hooks": {
      "version": "5.1.0-rc.0",
      "resolved": "https://registry.npmjs.org/eslint-plugin-react-hooks/-/eslint-plugin-react-hooks-5.1.0-rc.0.tgz",
      "integrity": "sha512-1e1Z3B7N9pjGEYnQ4ZkMH+qYjKqIHQ9nqKvvbOJrg5J3Z3Z3Z3Z3Z3Z3Z3Z3Z3Z3Z3Z3Z3Z3",
      "dev": true
    },
    "node_modules/eslint-plugin-react-refresh": {
      "version": "0.4.9",
      "resolved": "https://registry.npmjs.org/eslint-plugin-react-refresh/-/eslint-plugin-react-refresh-0.4.9.tgz",
      "integrity": "sha512-1e1Z3B7N9pjGEYnQ4ZkMH+qYjKqIHQ9nqKvvbOJrg5J3Z3Z3Z3Z3Z3Z3Z3Z3Z3Z3Z3Z3Z3Z3",
      "dev": true
    },
    "node_modules/globals": {
      "version": "15.9.0",
      "resolved": "https://registry.npmjs.org/globals/-/globals-15.9.0.tgz",
      "integrity": "sha512-1e1Z3B7N9pjGEYnQ4ZkMH+qYjKqIHQ9nqKvvbOJrg5J3Z3Z3Z3Z3Z3Z3Z3Z3Z3Z3Z3Z3Z3Z3",
      "dev": true
    },
    "node_modules/postcss": {
      "version": "8.4.47",
      "resolved": "https://registry.npmjs.org/postcss/-/postcss-8.4.47.tgz",
      "integrity": "sha512-1e1Z3B7N9pjGEYnQ4ZkMH+qYjKqIHQ9nqKvvbOJrg5J3Z3Z3Z3Z3Z3Z3Z3Z3Z3Z3Z3Z3Z3Z3",
      "dev": true
    },
    "node_modules/tailwindcss": {
      "version": "3.4.11",
      "resolved": "https://registry.npmjs.org/tailwindcss/-/tailwindcss-3.4.11.tgz",
      "integrity": "sha512-1e1Z3B7N9pjGEYnQ4ZkMH+qYjKqIHQ9nqKvvbOJrg5J3Z3Z3Z3Z3Z3Z3Z3Z3Z3Z3Z3Z3Z3Z3",
      "dev": true
    },
    "node_modules/tsx": {
      "version": "4.23.13",
      "resolved": "https://registry.npmjs.org/tsx/-/tsx-4.23.13.tgz",
      "integrity": "sha512-1e1Z3B7N9pjGEYnQ4ZkMH+qYjKqIHQ9nqKvvbOJrg5J3Z3Z3Z3Z3Z3Z3Z3Z3Z3Z3Z3Z3Z3Z3",
      "dev": true
    },
    "node_modules/typescript": {
      "version": "5.5.3",
      "resolved": "https://registry.npmjs.org/typescript/-/typescript-5.5.3.tgz",
      "integrity": "sha512-1e1Z3B7N9pjGEYnQ4ZkMH+qYjKqIHQ9nqKvvbOJrg5J3Z3Z3Z3Z3Z3Z3Z3Z3Z3Z3Z3Z3Z3Z3",
      "dev": true
    },
    "node_modules/typescript-eslint": {
      "version": "8.0.1",
      "resolved": "https://registry.npmjs.org/typescript-eslint/-/typescript-eslint-8.0.1.tgz",
      "integrity": "sha512-1e1Z3B7N9pjGEYnQ4ZkMH+qYjKqIHQ9nqKvvbOJrg5J3Z3Z3Z3Z3Z3Z3Z3Z3Z3Z3Z3Z3Z3Z3",
      "dev": true
    },
    "node_modules/vite": {
      "version": "7.3.1",
      "resolved": "https://registry.npmjs.org/vite/-/vite-7.3.1.tgz",
      "integrity": "sha512-1e1Z3B7N9pjGEYnQ4ZkMH+qYjKqIHQ9nqKvvbOJrg5J3Z3Z3Z3Z3Z3Z3Z3Z3Z3Z3Z3Z3Z3Z3",
      "dev": true
    },
    "node_modules/vite-plugin-pwa": {
      "version": "1.2.0",
      "resolved": "https://registry.npmjs.org/vite-plugin-pwa/-/vite-plugin-pwa-1.2.0.tgz",
      "integrity": "sha512-1e1Z3B7N9pjGEYnQ4ZkMH+qYjKqIHQ9nqKvvbOJrg5J3Z3Z3Z3Z3Z3Z3Z3Z3Z3Z3Z3Z3Z3Z3",
      "dev": true
    }
  }
}
